// !$*UTF8*$!
{
	archiveVersion = 1;
	classes = {
	};
	objectVersion = 56;
	objects = {

/* Begin PBXBuildFile section */
		168AC0752B29D66C003ACA9D /* AppDelegate.swift in Sources */ = {isa = PBXBuildFile; fileRef = 168AC0742B29D66C003ACA9D /* AppDelegate.swift */; };
		168AC0772B29D66C003ACA9D /* SceneDelegate.swift in Sources */ = {isa = PBXBuildFile; fileRef = 168AC0762B29D66C003ACA9D /* SceneDelegate.swift */; };
		168AC0792B29D66C003ACA9D /* LinkAccountVC.swift in Sources */ = {isa = PBXBuildFile; fileRef = 168AC0782B29D66C003ACA9D /* LinkAccountVC.swift */; };
		168AC0812B29D66D003ACA9D /* LaunchScreen.storyboard in Resources */ = {isa = PBXBuildFile; fileRef = 168AC07F2B29D66D003ACA9D /* LaunchScreen.storyboard */; };
		16B53E0E2B2B5E63001FA5A2 /* DataViewController.swift in Sources */ = {isa = PBXBuildFile; fileRef = 16B53E0D2B2B5E63001FA5A2 /* DataViewController.swift */; };
		16C339AC2B2AE74B00BC74E3 /* SnapKit in Frameworks */ = {isa = PBXBuildFile; productRef = 16C339AB2B2AE74B00BC74E3 /* SnapKit */; };
		16C339AE2B2AE74B00BC74E3 /* SnapKit-Dynamic in Frameworks */ = {isa = PBXBuildFile; productRef = 16C339AD2B2AE74B00BC74E3 /* SnapKit-Dynamic */; };
		16C339B22B2AEED500BC74E3 /* WTTabBarController.swift in Sources */ = {isa = PBXBuildFile; fileRef = 16C339B12B2AEED500BC74E3 /* WTTabBarController.swift */; };
		16C339B42B2AEF1C00BC74E3 /* Coordinator.swift in Sources */ = {isa = PBXBuildFile; fileRef = 16C339B32B2AEF1C00BC74E3 /* Coordinator.swift */; };
		16C339B62B2AEFAE00BC74E3 /* MainCoordinator.swift in Sources */ = {isa = PBXBuildFile; fileRef = 16C339B52B2AEFAE00BC74E3 /* MainCoordinator.swift */; };
		16E68EA22B30A36700F8F6CD /* WTService.swift in Sources */ = {isa = PBXBuildFile; fileRef = 16E68EA12B30A36700F8F6CD /* WTService.swift */; };
		16E68EA42B30A37400F8F6CD /* WTRequest.swift in Sources */ = {isa = PBXBuildFile; fileRef = 16E68EA32B30A37400F8F6CD /* WTRequest.swift */; };
		16E68EA62B30A37F00F8F6CD /* WTEndpoint.swift in Sources */ = {isa = PBXBuildFile; fileRef = 16E68EA52B30A37F00F8F6CD /* WTEndpoint.swift */; };
		16E68EA82B31AF3B00F8F6CD /* LinkAccountViewModel.swift in Sources */ = {isa = PBXBuildFile; fileRef = 16E68EA72B31AF3B00F8F6CD /* LinkAccountViewModel.swift */; };
		16E68EAA2B31AFC600F8F6CD /* LinkAccountView.swift in Sources */ = {isa = PBXBuildFile; fileRef = 16E68EA92B31AFC600F8F6CD /* LinkAccountView.swift */; };
		16E68EAC2B31CACC00F8F6CD /* LinkAccountVCViewModel.swift in Sources */ = {isa = PBXBuildFile; fileRef = 16E68EAB2B31CACC00F8F6CD /* LinkAccountVCViewModel.swift */; };
/* End PBXBuildFile section */

/* Begin PBXFileReference section */
		168AC0712B29D66C003ACA9D /* Wetro.app */ = {isa = PBXFileReference; explicitFileType = wrapper.application; includeInIndex = 0; path = Wetro.app; sourceTree = BUILT_PRODUCTS_DIR; };
		168AC0742B29D66C003ACA9D /* AppDelegate.swift */ = {isa = PBXFileReference; lastKnownFileType = sourcecode.swift; path = AppDelegate.swift; sourceTree = "<group>"; };
		168AC0762B29D66C003ACA9D /* SceneDelegate.swift */ = {isa = PBXFileReference; lastKnownFileType = sourcecode.swift; path = SceneDelegate.swift; sourceTree = "<group>"; };
		168AC0782B29D66C003ACA9D /* LinkAccountVC.swift */ = {isa = PBXFileReference; lastKnownFileType = sourcecode.swift; path = LinkAccountVC.swift; sourceTree = "<group>"; };
		168AC07D2B29D66D003ACA9D /* Assets.xcassets */ = {isa = PBXFileReference; lastKnownFileType = folder.assetcatalog; path = Assets.xcassets; sourceTree = "<group>"; };
		168AC0802B29D66D003ACA9D /* Base */ = {isa = PBXFileReference; lastKnownFileType = file.storyboard; name = Base; path = Base.lproj/LaunchScreen.storyboard; sourceTree = "<group>"; };
		168AC0822B29D66D003ACA9D /* Info.plist */ = {isa = PBXFileReference; lastKnownFileType = text.plist.xml; path = Info.plist; sourceTree = "<group>"; };
		16B53E0D2B2B5E63001FA5A2 /* DataViewController.swift */ = {isa = PBXFileReference; lastKnownFileType = sourcecode.swift; path = DataViewController.swift; sourceTree = "<group>"; };
		16C339B12B2AEED500BC74E3 /* WTTabBarController.swift */ = {isa = PBXFileReference; lastKnownFileType = sourcecode.swift; path = WTTabBarController.swift; sourceTree = "<group>"; };
		16C339B32B2AEF1C00BC74E3 /* Coordinator.swift */ = {isa = PBXFileReference; lastKnownFileType = sourcecode.swift; path = Coordinator.swift; sourceTree = "<group>"; };
		16C339B52B2AEFAE00BC74E3 /* MainCoordinator.swift */ = {isa = PBXFileReference; lastKnownFileType = sourcecode.swift; path = MainCoordinator.swift; sourceTree = "<group>"; };
		16E68EA12B30A36700F8F6CD /* WTService.swift */ = {isa = PBXFileReference; lastKnownFileType = sourcecode.swift; path = WTService.swift; sourceTree = "<group>"; };
		16E68EA32B30A37400F8F6CD /* WTRequest.swift */ = {isa = PBXFileReference; lastKnownFileType = sourcecode.swift; path = WTRequest.swift; sourceTree = "<group>"; };
		16E68EA52B30A37F00F8F6CD /* WTEndpoint.swift */ = {isa = PBXFileReference; lastKnownFileType = sourcecode.swift; path = WTEndpoint.swift; sourceTree = "<group>"; };
		16E68EA72B31AF3B00F8F6CD /* LinkAccountViewModel.swift */ = {isa = PBXFileReference; lastKnownFileType = sourcecode.swift; path = LinkAccountViewModel.swift; sourceTree = "<group>"; };
		16E68EA92B31AFC600F8F6CD /* LinkAccountView.swift */ = {isa = PBXFileReference; lastKnownFileType = sourcecode.swift; path = LinkAccountView.swift; sourceTree = "<group>"; };
		16E68EAB2B31CACC00F8F6CD /* LinkAccountVCViewModel.swift */ = {isa = PBXFileReference; lastKnownFileType = sourcecode.swift; path = LinkAccountVCViewModel.swift; sourceTree = "<group>"; };
/* End PBXFileReference section */

/* Begin PBXFrameworksBuildPhase section */
		168AC06E2B29D66C003ACA9D /* Frameworks */ = {
			isa = PBXFrameworksBuildPhase;
			buildActionMask = 2147483647;
			files = (
				16C339AC2B2AE74B00BC74E3 /* SnapKit in Frameworks */,
				16C339AE2B2AE74B00BC74E3 /* SnapKit-Dynamic in Frameworks */,
			);
			runOnlyForDeploymentPostprocessing = 0;
		};
/* End PBXFrameworksBuildPhase section */

/* Begin PBXGroup section */
		161EABF72B29DE9200522B14 /* Core */ = {
			isa = PBXGroup;
			children = (
				168AC0742B29D66C003ACA9D /* AppDelegate.swift */,
				168AC0762B29D66C003ACA9D /* SceneDelegate.swift */,
			);
			path = Core;
			sourceTree = "<group>";
		};
		161EABF82B29DEBF00522B14 /* Views */ = {
			isa = PBXGroup;
			children = (
				16E68EA92B31AFC600F8F6CD /* LinkAccountView.swift */,
			);
			path = Views;
			sourceTree = "<group>";
		};
		161EABF92B29DEC500522B14 /* Models */ = {
			isa = PBXGroup;
			children = (
			);
			path = Models;
			sourceTree = "<group>";
		};
		161EABFA2B29DED100522B14 /* ViewControllers */ = {
			isa = PBXGroup;
			children = (
				16C339B02B2AEE8E00BC74E3 /* TabBarController */,
				168AC0782B29D66C003ACA9D /* LinkAccountVC.swift */,
				16B53E0D2B2B5E63001FA5A2 /* DataViewController.swift */,
			);
			path = ViewControllers;
			sourceTree = "<group>";
		};
		161EABFB2B29DEE000522B14 /* ViewModels */ = {
			isa = PBXGroup;
			children = (
				16E68EA72B31AF3B00F8F6CD /* LinkAccountViewModel.swift */,
				16E68EAB2B31CACC00F8F6CD /* LinkAccountVCViewModel.swift */,
			);
			path = ViewModels;
			sourceTree = "<group>";
		};
		161EABFC2B29DEFA00522B14 /* Resources */ = {
			isa = PBXGroup;
			children = (
				168AC0822B29D66D003ACA9D /* Info.plist */,
				168AC07D2B29D66D003ACA9D /* Assets.xcassets */,
				168AC07F2B29D66D003ACA9D /* LaunchScreen.storyboard */,
			);
			path = Resources;
			sourceTree = "<group>";
		};
		168645FC2B2A083C009C028A /* Utils */ = {
			isa = PBXGroup;
			children = (
			);
			path = Utils;
			sourceTree = "<group>";
		};
		168645FD2B2A084E009C028A /* Services */ = {
			isa = PBXGroup;
			children = (
				16E68EA02B30A32700F8F6CD /* ApiServiece */,
			);
			path = Services;
			sourceTree = "<group>";
		};
		168AC0682B29D66C003ACA9D = {
			isa = PBXGroup;
			children = (
				168AC0732B29D66C003ACA9D /* Wetro */,
				168AC0722B29D66C003ACA9D /* Products */,
			);
			sourceTree = "<group>";
		};
		168AC0722B29D66C003ACA9D /* Products */ = {
			isa = PBXGroup;
			children = (
				168AC0712B29D66C003ACA9D /* Wetro.app */,
			);
			name = Products;
			sourceTree = "<group>";
		};
		168AC0732B29D66C003ACA9D /* Wetro */ = {
			isa = PBXGroup;
			children = (
				161EABF72B29DE9200522B14 /* Core */,
				168645FD2B2A084E009C028A /* Services */,
				16C339A92B2AE64500BC74E3 /* Cordinators */,
				161EABF92B29DEC500522B14 /* Models */,
				161EABF82B29DEBF00522B14 /* Views */,
				161EABFB2B29DEE000522B14 /* ViewModels */,
				161EABFA2B29DED100522B14 /* ViewControllers */,
				161EABFC2B29DEFA00522B14 /* Resources */,
				168645FC2B2A083C009C028A /* Utils */,
			);
			path = Wetro;
			sourceTree = "<group>";
		};
		16C339A92B2AE64500BC74E3 /* Cordinators */ = {
			isa = PBXGroup;
			children = (
				16C339B32B2AEF1C00BC74E3 /* Coordinator.swift */,
				16C339B52B2AEFAE00BC74E3 /* MainCoordinator.swift */,
			);
			path = Cordinators;
			sourceTree = "<group>";
		};
		16C339B02B2AEE8E00BC74E3 /* TabBarController */ = {
			isa = PBXGroup;
			children = (
				16C339B12B2AEED500BC74E3 /* WTTabBarController.swift */,
			);
			path = TabBarController;
			sourceTree = "<group>";
		};
		16E68EA02B30A32700F8F6CD /* ApiServiece */ = {
			isa = PBXGroup;
			children = (
				16E68EA12B30A36700F8F6CD /* WTService.swift */,
				16E68EA32B30A37400F8F6CD /* WTRequest.swift */,
				16E68EA52B30A37F00F8F6CD /* WTEndpoint.swift */,
			);
			path = ApiServiece;
			sourceTree = "<group>";
		};
/* End PBXGroup section */

/* Begin PBXNativeTarget section */
		168AC0702B29D66C003ACA9D /* Wetro */ = {
			isa = PBXNativeTarget;
			buildConfigurationList = 168AC0852B29D66D003ACA9D /* Build configuration list for PBXNativeTarget "Wetro" */;
			buildPhases = (
				168AC06D2B29D66C003ACA9D /* Sources */,
				168AC06E2B29D66C003ACA9D /* Frameworks */,
				168AC06F2B29D66C003ACA9D /* Resources */,
			);
			buildRules = (
			);
			dependencies = (
			);
			name = Wetro;
			packageProductDependencies = (
				16C339AB2B2AE74B00BC74E3 /* SnapKit */,
				16C339AD2B2AE74B00BC74E3 /* SnapKit-Dynamic */,
			);
			productName = Wetro;
			productReference = 168AC0712B29D66C003ACA9D /* Wetro.app */;
			productType = "com.apple.product-type.application";
		};
/* End PBXNativeTarget section */

/* Begin PBXProject section */
		168AC0692B29D66C003ACA9D /* Project object */ = {
			isa = PBXProject;
			attributes = {
				BuildIndependentTargetsInParallel = 1;
				LastSwiftUpdateCheck = 1500;
				LastUpgradeCheck = 1500;
				TargetAttributes = {
					168AC0702B29D66C003ACA9D = {
						CreatedOnToolsVersion = 15.0;
					};
				};
			};
			buildConfigurationList = 168AC06C2B29D66C003ACA9D /* Build configuration list for PBXProject "Wetro" */;
			compatibilityVersion = "Xcode 14.0";
			developmentRegion = en;
			hasScannedForEncodings = 0;
			knownRegions = (
				en,
				Base,
			);
			mainGroup = 168AC0682B29D66C003ACA9D;
			packageReferences = (
				16C339AA2B2AE74B00BC74E3 /* XCRemoteSwiftPackageReference "SnapKit" */,
			);
			productRefGroup = 168AC0722B29D66C003ACA9D /* Products */;
			projectDirPath = "";
			projectRoot = "";
			targets = (
				168AC0702B29D66C003ACA9D /* Wetro */,
			);
		};
/* End PBXProject section */

/* Begin PBXResourcesBuildPhase section */
		168AC06F2B29D66C003ACA9D /* Resources */ = {
			isa = PBXResourcesBuildPhase;
			buildActionMask = 2147483647;
			files = (
				168AC0812B29D66D003ACA9D /* LaunchScreen.storyboard in Resources */,
			);
			runOnlyForDeploymentPostprocessing = 0;
		};
/* End PBXResourcesBuildPhase section */

/* Begin PBXSourcesBuildPhase section */
		168AC06D2B29D66C003ACA9D /* Sources */ = {
			isa = PBXSourcesBuildPhase;
			buildActionMask = 2147483647;
			files = (
				168AC0792B29D66C003ACA9D /* LinkAccountVC.swift in Sources */,
				16B53E0E2B2B5E63001FA5A2 /* DataViewController.swift in Sources */,
				16E68EAA2B31AFC600F8F6CD /* LinkAccountView.swift in Sources */,
				16C339B62B2AEFAE00BC74E3 /* MainCoordinator.swift in Sources */,
				168AC0752B29D66C003ACA9D /* AppDelegate.swift in Sources */,
				16C339B42B2AEF1C00BC74E3 /* Coordinator.swift in Sources */,
				16C339B22B2AEED500BC74E3 /* WTTabBarController.swift in Sources */,
				16E68EA22B30A36700F8F6CD /* WTService.swift in Sources */,
				168AC0772B29D66C003ACA9D /* SceneDelegate.swift in Sources */,
				16E68EAC2B31CACC00F8F6CD /* LinkAccountVCViewModel.swift in Sources */,
				16E68EA82B31AF3B00F8F6CD /* LinkAccountViewModel.swift in Sources */,
				16E68EA42B30A37400F8F6CD /* WTRequest.swift in Sources */,
				16E68EA62B30A37F00F8F6CD /* WTEndpoint.swift in Sources */,
			);
			runOnlyForDeploymentPostprocessing = 0;
		};
/* End PBXSourcesBuildPhase section */

/* Begin PBXVariantGroup section */
		168AC07F2B29D66D003ACA9D /* LaunchScreen.storyboard */ = {
			isa = PBXVariantGroup;
			children = (
				168AC0802B29D66D003ACA9D /* Base */,
			);
			name = LaunchScreen.storyboard;
			sourceTree = "<group>";
		};
/* End PBXVariantGroup section */

/* Begin XCBuildConfiguration section */
		168AC0832B29D66D003ACA9D /* Debug */ = {
			isa = XCBuildConfiguration;
			buildSettings = {
				ALWAYS_SEARCH_USER_PATHS = NO;
				ASSETCATALOG_COMPILER_GENERATE_SWIFT_ASSET_SYMBOL_EXTENSIONS = YES;
				CLANG_ANALYZER_NONNULL = YES;
				CLANG_ANALYZER_NUMBER_OBJECT_CONVERSION = YES_AGGRESSIVE;
				CLANG_CXX_LANGUAGE_STANDARD = "gnu++20";
				CLANG_ENABLE_MODULES = YES;
				CLANG_ENABLE_OBJC_ARC = YES;
				CLANG_ENABLE_OBJC_WEAK = YES;
				CLANG_WARN_BLOCK_CAPTURE_AUTORELEASING = YES;
				CLANG_WARN_BOOL_CONVERSION = YES;
				CLANG_WARN_COMMA = YES;
				CLANG_WARN_CONSTANT_CONVERSION = YES;
				CLANG_WARN_DEPRECATED_OBJC_IMPLEMENTATIONS = YES;
				CLANG_WARN_DIRECT_OBJC_ISA_USAGE = YES_ERROR;
				CLANG_WARN_DOCUMENTATION_COMMENTS = YES;
				CLANG_WARN_EMPTY_BODY = YES;
				CLANG_WARN_ENUM_CONVERSION = YES;
				CLANG_WARN_INFINITE_RECURSION = YES;
				CLANG_WARN_INT_CONVERSION = YES;
				CLANG_WARN_NON_LITERAL_NULL_CONVERSION = YES;
				CLANG_WARN_OBJC_IMPLICIT_RETAIN_SELF = YES;
				CLANG_WARN_OBJC_LITERAL_CONVERSION = YES;
				CLANG_WARN_OBJC_ROOT_CLASS = YES_ERROR;
				CLANG_WARN_QUOTED_INCLUDE_IN_FRAMEWORK_HEADER = YES;
				CLANG_WARN_RANGE_LOOP_ANALYSIS = YES;
				CLANG_WARN_STRICT_PROTOTYPES = YES;
				CLANG_WARN_SUSPICIOUS_MOVE = YES;
				CLANG_WARN_UNGUARDED_AVAILABILITY = YES_AGGRESSIVE;
				CLANG_WARN_UNREACHABLE_CODE = YES;
				CLANG_WARN__DUPLICATE_METHOD_MATCH = YES;
				COPY_PHASE_STRIP = NO;
				DEBUG_INFORMATION_FORMAT = dwarf;
				ENABLE_STRICT_OBJC_MSGSEND = YES;
				ENABLE_TESTABILITY = YES;
				ENABLE_USER_SCRIPT_SANDBOXING = YES;
				GCC_C_LANGUAGE_STANDARD = gnu17;
				GCC_DYNAMIC_NO_PIC = NO;
				GCC_NO_COMMON_BLOCKS = YES;
				GCC_OPTIMIZATION_LEVEL = 0;
				GCC_PREPROCESSOR_DEFINITIONS = (
					"DEBUG=1",
					"$(inherited)",
				);
				GCC_WARN_64_TO_32_BIT_CONVERSION = YES;
				GCC_WARN_ABOUT_RETURN_TYPE = YES_ERROR;
				GCC_WARN_UNDECLARED_SELECTOR = YES;
				GCC_WARN_UNINITIALIZED_AUTOS = YES_AGGRESSIVE;
				GCC_WARN_UNUSED_FUNCTION = YES;
				GCC_WARN_UNUSED_VARIABLE = YES;
				IPHONEOS_DEPLOYMENT_TARGET = 17.0;
				LOCALIZATION_PREFERS_STRING_CATALOGS = YES;
				MTL_ENABLE_DEBUG_INFO = INCLUDE_SOURCE;
				MTL_FAST_MATH = YES;
				ONLY_ACTIVE_ARCH = YES;
				SDKROOT = iphoneos;
				SWIFT_ACTIVE_COMPILATION_CONDITIONS = "DEBUG $(inherited)";
				SWIFT_OPTIMIZATION_LEVEL = "-Onone";
			};
			name = Debug;
		};
		168AC0842B29D66D003ACA9D /* Release */ = {
			isa = XCBuildConfiguration;
			buildSettings = {
				ALWAYS_SEARCH_USER_PATHS = NO;
				ASSETCATALOG_COMPILER_GENERATE_SWIFT_ASSET_SYMBOL_EXTENSIONS = YES;
				CLANG_ANALYZER_NONNULL = YES;
				CLANG_ANALYZER_NUMBER_OBJECT_CONVERSION = YES_AGGRESSIVE;
				CLANG_CXX_LANGUAGE_STANDARD = "gnu++20";
				CLANG_ENABLE_MODULES = YES;
				CLANG_ENABLE_OBJC_ARC = YES;
				CLANG_ENABLE_OBJC_WEAK = YES;
				CLANG_WARN_BLOCK_CAPTURE_AUTORELEASING = YES;
				CLANG_WARN_BOOL_CONVERSION = YES;
				CLANG_WARN_COMMA = YES;
				CLANG_WARN_CONSTANT_CONVERSION = YES;
				CLANG_WARN_DEPRECATED_OBJC_IMPLEMENTATIONS = YES;
				CLANG_WARN_DIRECT_OBJC_ISA_USAGE = YES_ERROR;
				CLANG_WARN_DOCUMENTATION_COMMENTS = YES;
				CLANG_WARN_EMPTY_BODY = YES;
				CLANG_WARN_ENUM_CONVERSION = YES;
				CLANG_WARN_INFINITE_RECURSION = YES;
				CLANG_WARN_INT_CONVERSION = YES;
				CLANG_WARN_NON_LITERAL_NULL_CONVERSION = YES;
				CLANG_WARN_OBJC_IMPLICIT_RETAIN_SELF = YES;
				CLANG_WARN_OBJC_LITERAL_CONVERSION = YES;
				CLANG_WARN_OBJC_ROOT_CLASS = YES_ERROR;
				CLANG_WARN_QUOTED_INCLUDE_IN_FRAMEWORK_HEADER = YES;
				CLANG_WARN_RANGE_LOOP_ANALYSIS = YES;
				CLANG_WARN_STRICT_PROTOTYPES = YES;
				CLANG_WARN_SUSPICIOUS_MOVE = YES;
				CLANG_WARN_UNGUARDED_AVAILABILITY = YES_AGGRESSIVE;
				CLANG_WARN_UNREACHABLE_CODE = YES;
				CLANG_WARN__DUPLICATE_METHOD_MATCH = YES;
				COPY_PHASE_STRIP = NO;
				DEBUG_INFORMATION_FORMAT = "dwarf-with-dsym";
				ENABLE_NS_ASSERTIONS = NO;
				ENABLE_STRICT_OBJC_MSGSEND = YES;
				ENABLE_USER_SCRIPT_SANDBOXING = YES;
				GCC_C_LANGUAGE_STANDARD = gnu17;
				GCC_NO_COMMON_BLOCKS = YES;
				GCC_WARN_64_TO_32_BIT_CONVERSION = YES;
				GCC_WARN_ABOUT_RETURN_TYPE = YES_ERROR;
				GCC_WARN_UNDECLARED_SELECTOR = YES;
				GCC_WARN_UNINITIALIZED_AUTOS = YES_AGGRESSIVE;
				GCC_WARN_UNUSED_FUNCTION = YES;
				GCC_WARN_UNUSED_VARIABLE = YES;
				IPHONEOS_DEPLOYMENT_TARGET = 17.0;
				LOCALIZATION_PREFERS_STRING_CATALOGS = YES;
				MTL_ENABLE_DEBUG_INFO = NO;
				MTL_FAST_MATH = YES;
				SDKROOT = iphoneos;
				SWIFT_COMPILATION_MODE = wholemodule;
				VALIDATE_PRODUCT = YES;
			};
			name = Release;
		};
		168AC0862B29D66D003ACA9D /* Debug */ = {
			isa = XCBuildConfiguration;
			buildSettings = {
				ASSETCATALOG_COMPILER_APPICON_NAME = AppIcon;
				ASSETCATALOG_COMPILER_GLOBAL_ACCENT_COLOR_NAME = AccentColor;
				CODE_SIGN_STYLE = Automatic;
				CURRENT_PROJECT_VERSION = 1;
				DEVELOPMENT_TEAM = W9HWC54SK4;
				GENERATE_INFOPLIST_FILE = YES;
				INFOPLIST_FILE = Wetro/Resources/Info.plist;
				INFOPLIST_KEY_UIApplicationSupportsIndirectInputEvents = YES;
				INFOPLIST_KEY_UILaunchStoryboardName = LaunchScreen;
				INFOPLIST_KEY_UISupportedInterfaceOrientations_iPad = "UIInterfaceOrientationPortrait UIInterfaceOrientationPortraitUpsideDown UIInterfaceOrientationLandscapeLeft UIInterfaceOrientationLandscapeRight";
				INFOPLIST_KEY_UISupportedInterfaceOrientations_iPhone = "UIInterfaceOrientationPortrait UIInterfaceOrientationLandscapeLeft UIInterfaceOrientationLandscapeRight";
				LD_RUNPATH_SEARCH_PATHS = (
					"$(inherited)",
					"@executable_path/Frameworks",
				);
				MARKETING_VERSION = 1.0;
				PRODUCT_BUNDLE_IDENTIFIER = com.IslamCrew.Wetro;
				PRODUCT_NAME = "$(TARGET_NAME)";
				SWIFT_EMIT_LOC_STRINGS = YES;
				SWIFT_VERSION = 5.0;
				TARGETED_DEVICE_FAMILY = "1,2";
			};
			name = Debug;
		};
		168AC0872B29D66D003ACA9D /* Release */ = {
			isa = XCBuildConfiguration;
			buildSettings = {
				ASSETCATALOG_COMPILER_APPICON_NAME = AppIcon;
				ASSETCATALOG_COMPILER_GLOBAL_ACCENT_COLOR_NAME = AccentColor;
				CODE_SIGN_STYLE = Automatic;
				CURRENT_PROJECT_VERSION = 1;
				DEVELOPMENT_TEAM = W9HWC54SK4;
				GENERATE_INFOPLIST_FILE = YES;
				INFOPLIST_FILE = Wetro/Resources/Info.plist;
				INFOPLIST_KEY_UIApplicationSupportsIndirectInputEvents = YES;
				INFOPLIST_KEY_UILaunchStoryboardName = LaunchScreen;
				INFOPLIST_KEY_UISupportedInterfaceOrientations_iPad = "UIInterfaceOrientationPortrait UIInterfaceOrientationPortraitUpsideDown UIInterfaceOrientationLandscapeLeft UIInterfaceOrientationLandscapeRight";
				INFOPLIST_KEY_UISupportedInterfaceOrientations_iPhone = "UIInterfaceOrientationPortrait UIInterfaceOrientationLandscapeLeft UIInterfaceOrientationLandscapeRight";
				LD_RUNPATH_SEARCH_PATHS = (
					"$(inherited)",
					"@executable_path/Frameworks",
				);
				MARKETING_VERSION = 1.0;
				PRODUCT_BUNDLE_IDENTIFIER = com.IslamCrew.Wetro;
				PRODUCT_NAME = "$(TARGET_NAME)";
				SWIFT_EMIT_LOC_STRINGS = YES;
				SWIFT_VERSION = 5.0;
				TARGETED_DEVICE_FAMILY = "1,2";
			};
			name = Release;
		};
/* End XCBuildConfiguration section */

/* Begin XCConfigurationList section */
		168AC06C2B29D66C003ACA9D /* Build configuration list for PBXProject "Wetro" */ = {
			isa = XCConfigurationList;
			buildConfigurations = (
				168AC0832B29D66D003ACA9D /* Debug */,
				168AC0842B29D66D003ACA9D /* Release */,
			);
			defaultConfigurationIsVisible = 0;
			defaultConfigurationName = Release;
		};
		168AC0852B29D66D003ACA9D /* Build configuration list for PBXNativeTarget "Wetro" */ = {
			isa = XCConfigurationList;
			buildConfigurations = (
				168AC0862B29D66D003ACA9D /* Debug */,
				168AC0872B29D66D003ACA9D /* Release */,
			);
			defaultConfigurationIsVisible = 0;
			defaultConfigurationName = Release;
		};
/* End XCConfigurationList section */

/* Begin XCRemoteSwiftPackageReference section */
		16C339AA2B2AE74B00BC74E3 /* XCRemoteSwiftPackageReference "SnapKit" */ = {
			isa = XCRemoteSwiftPackageReference;
			repositoryURL = "https://github.com/SnapKit/SnapKit.git";
			requirement = {
				kind = upToNextMajorVersion;
				minimumVersion = 5.6.0;
			};
		};
/* End XCRemoteSwiftPackageReference section */

/* Begin XCSwiftPackageProductDependency section */
		16C339AB2B2AE74B00BC74E3 /* SnapKit */ = {
			isa = XCSwiftPackageProductDependency;
			package = 16C339AA2B2AE74B00BC74E3 /* XCRemoteSwiftPackageReference "SnapKit" */;
			productName = SnapKit;
		};
		16C339AD2B2AE74B00BC74E3 /* SnapKit-Dynamic */ = {
			isa = XCSwiftPackageProductDependency;
			package = 16C339AA2B2AE74B00BC74E3 /* XCRemoteSwiftPackageReference "SnapKit" */;
			productName = "SnapKit-Dynamic";
		};
/* End XCSwiftPackageProductDependency section */
	};
	rootObject = 168AC0692B29D66C003ACA9D /* Project object */;
}
