// !$*UTF8*$!
{
	archiveVersion = 1;
	classes = {
	};
	objectVersion = 56;
	objects = {

/* Begin PBXBuildFile section */
		160996E92B4809C500769DC3 /* WTAuthManager.swift in Sources */ = {isa = PBXBuildFile; fileRef = 160996E82B4809C500769DC3 /* WTAuthManager.swift */; };
		160996EC2B4B101100769DC3 /* WTMainVC.swift in Sources */ = {isa = PBXBuildFile; fileRef = 160996EB2B4B101100769DC3 /* WTMainVC.swift */; };
		160996EF2B4BDC9000769DC3 /* WTMainView.swift in Sources */ = {isa = PBXBuildFile; fileRef = 160996EE2B4BDC9000769DC3 /* WTMainView.swift */; };
		160996F22B4BECC200769DC3 /* WTMainViewViewModel.swift in Sources */ = {isa = PBXBuildFile; fileRef = 160996F12B4BECC200769DC3 /* WTMainViewViewModel.swift */; };
		160996F82B4C616300769DC3 /* WTSecondSectionCollectionViewCell.swift in Sources */ = {isa = PBXBuildFile; fileRef = 160996F72B4C616300769DC3 /* WTSecondSectionCollectionViewCell.swift */; };
		160996FA2B4DB06B00769DC3 /* WTFirstSectionCollectionViewCell.swift in Sources */ = {isa = PBXBuildFile; fileRef = 160996F92B4DB06B00769DC3 /* WTFirstSectionCollectionViewCell.swift */; };
		160996FC2B4DB10B00769DC3 /* WTSecondSectionDataCollectionViewCell.swift in Sources */ = {isa = PBXBuildFile; fileRef = 160996FB2B4DB10B00769DC3 /* WTSecondSectionDataCollectionViewCell.swift */; };
		160997002B4DC56A00769DC3 /* WTFirstSectionDataCollectionViewCell.swift in Sources */ = {isa = PBXBuildFile; fileRef = 160996FF2B4DC56A00769DC3 /* WTFirstSectionDataCollectionViewCell.swift */; };
		161731942B623BEE00A3608A /* RecentlySongsModel.swift in Sources */ = {isa = PBXBuildFile; fileRef = 161731932B623BEE00A3608A /* RecentlySongsModel.swift */; };
		161731982B62D5B100A3608A /* Album.swift in Sources */ = {isa = PBXBuildFile; fileRef = 161731972B62D5B100A3608A /* Album.swift */; };
		166D6E612B6802A3002CEDB0 /* WTImageLoader.swift in Sources */ = {isa = PBXBuildFile; fileRef = 166D6E602B6802A3002CEDB0 /* WTImageLoader.swift */; };
		167FE4DF2B6670FF00C22D13 /* FirstSectionViewModel.swift in Sources */ = {isa = PBXBuildFile; fileRef = 167FE4DE2B6670FF00C22D13 /* FirstSectionViewModel.swift */; };
		167FE4E12B668ADE00C22D13 /* RecentlyPlayedSongs.swift in Sources */ = {isa = PBXBuildFile; fileRef = 167FE4E02B668ADE00C22D13 /* RecentlyPlayedSongs.swift */; };
		168AC0752B29D66C003ACA9D /* AppDelegate.swift in Sources */ = {isa = PBXBuildFile; fileRef = 168AC0742B29D66C003ACA9D /* AppDelegate.swift */; };
		168AC0772B29D66C003ACA9D /* SceneDelegate.swift in Sources */ = {isa = PBXBuildFile; fileRef = 168AC0762B29D66C003ACA9D /* SceneDelegate.swift */; };
		168AC0792B29D66C003ACA9D /* WTOnBoardingVC.swift in Sources */ = {isa = PBXBuildFile; fileRef = 168AC0782B29D66C003ACA9D /* WTOnBoardingVC.swift */; };
		168AC0812B29D66D003ACA9D /* LaunchScreen.storyboard in Resources */ = {isa = PBXBuildFile; fileRef = 168AC07F2B29D66D003ACA9D /* LaunchScreen.storyboard */; };
		16B53E0E2B2B5E63001FA5A2 /* WTSignInController.swift in Sources */ = {isa = PBXBuildFile; fileRef = 16B53E0D2B2B5E63001FA5A2 /* WTSignInController.swift */; };
		16C339AC2B2AE74B00BC74E3 /* SnapKit in Frameworks */ = {isa = PBXBuildFile; productRef = 16C339AB2B2AE74B00BC74E3 /* SnapKit */; };
		16C339AE2B2AE74B00BC74E3 /* SnapKit-Dynamic in Frameworks */ = {isa = PBXBuildFile; productRef = 16C339AD2B2AE74B00BC74E3 /* SnapKit-Dynamic */; };
		16C339B22B2AEED500BC74E3 /* WTTabBarController.swift in Sources */ = {isa = PBXBuildFile; fileRef = 16C339B12B2AEED500BC74E3 /* WTTabBarController.swift */; };
		16C339B42B2AEF1C00BC74E3 /* Coordinator.swift in Sources */ = {isa = PBXBuildFile; fileRef = 16C339B32B2AEF1C00BC74E3 /* Coordinator.swift */; };
		16C339B62B2AEFAE00BC74E3 /* MainCoordinator.swift in Sources */ = {isa = PBXBuildFile; fileRef = 16C339B52B2AEFAE00BC74E3 /* MainCoordinator.swift */; };
		16E68EA22B30A36700F8F6CD /* WTService.swift in Sources */ = {isa = PBXBuildFile; fileRef = 16E68EA12B30A36700F8F6CD /* WTService.swift */; };
		16E68EA42B30A37400F8F6CD /* WTRequest.swift in Sources */ = {isa = PBXBuildFile; fileRef = 16E68EA32B30A37400F8F6CD /* WTRequest.swift */; };
		16E68EA62B30A37F00F8F6CD /* WTEndpoint.swift in Sources */ = {isa = PBXBuildFile; fileRef = 16E68EA52B30A37F00F8F6CD /* WTEndpoint.swift */; };
		16E68EAA2B31AFC600F8F6CD /* WTOnBoardingView.swift in Sources */ = {isa = PBXBuildFile; fileRef = 16E68EA92B31AFC600F8F6CD /* WTOnBoardingView.swift */; };
		16E68EAE2B31FA0E00F8F6CD /* WTToken.swift in Sources */ = {isa = PBXBuildFile; fileRef = 16E68EAD2B31FA0E00F8F6CD /* WTToken.swift */; };
		16E68EB02B31FBF400F8F6CD /* WTPersistenceActionType.swift in Sources */ = {isa = PBXBuildFile; fileRef = 16E68EAF2B31FBF400F8F6CD /* WTPersistenceActionType.swift */; };
		16E68EB22B31FCBD00F8F6CD /* WTConstants.swift in Sources */ = {isa = PBXBuildFile; fileRef = 16E68EB12B31FCBD00F8F6CD /* WTConstants.swift */; };
		16F208D52B694F6F007FF8AF /* DelaGothicOne-Regular.ttf in Resources */ = {isa = PBXBuildFile; fileRef = 16F208D42B694F6F007FF8AF /* DelaGothicOne-Regular.ttf */; };
		16F208DC2B695105007FF8AF /* UIFont.swift in Sources */ = {isa = PBXBuildFile; fileRef = 16F208DB2B695105007FF8AF /* UIFont.swift */; };
		16F208E32B695A77007FF8AF /* Poppins-SemiBold.otf in Resources */ = {isa = PBXBuildFile; fileRef = 16F208E22B695A77007FF8AF /* Poppins-SemiBold.otf */; };
		16F208E52B695AA6007FF8AF /* Poppins-SemiBoldItalic.otf in Resources */ = {isa = PBXBuildFile; fileRef = 16F208E42B695AA6007FF8AF /* Poppins-SemiBoldItalic.otf */; };
/* End PBXBuildFile section */

/* Begin PBXFileReference section */
		160996E82B4809C500769DC3 /* WTAuthManager.swift */ = {isa = PBXFileReference; lastKnownFileType = sourcecode.swift; path = WTAuthManager.swift; sourceTree = "<group>"; };
		160996EB2B4B101100769DC3 /* WTMainVC.swift */ = {isa = PBXFileReference; lastKnownFileType = sourcecode.swift; path = WTMainVC.swift; sourceTree = "<group>"; };
		160996EE2B4BDC9000769DC3 /* WTMainView.swift */ = {isa = PBXFileReference; lastKnownFileType = sourcecode.swift; path = WTMainView.swift; sourceTree = "<group>"; };
		160996F12B4BECC200769DC3 /* WTMainViewViewModel.swift */ = {isa = PBXFileReference; lastKnownFileType = sourcecode.swift; path = WTMainViewViewModel.swift; sourceTree = "<group>"; };
		160996F72B4C616300769DC3 /* WTSecondSectionCollectionViewCell.swift */ = {isa = PBXFileReference; lastKnownFileType = sourcecode.swift; path = WTSecondSectionCollectionViewCell.swift; sourceTree = "<group>"; };
		160996F92B4DB06B00769DC3 /* WTFirstSectionCollectionViewCell.swift */ = {isa = PBXFileReference; lastKnownFileType = sourcecode.swift; path = WTFirstSectionCollectionViewCell.swift; sourceTree = "<group>"; };
		160996FB2B4DB10B00769DC3 /* WTSecondSectionDataCollectionViewCell.swift */ = {isa = PBXFileReference; lastKnownFileType = sourcecode.swift; path = WTSecondSectionDataCollectionViewCell.swift; sourceTree = "<group>"; };
		160996FF2B4DC56A00769DC3 /* WTFirstSectionDataCollectionViewCell.swift */ = {isa = PBXFileReference; lastKnownFileType = sourcecode.swift; path = WTFirstSectionDataCollectionViewCell.swift; sourceTree = "<group>"; };
		161731932B623BEE00A3608A /* RecentlySongsModel.swift */ = {isa = PBXFileReference; lastKnownFileType = sourcecode.swift; path = RecentlySongsModel.swift; sourceTree = "<group>"; };
		161731972B62D5B100A3608A /* Album.swift */ = {isa = PBXFileReference; lastKnownFileType = sourcecode.swift; path = Album.swift; sourceTree = "<group>"; };
		166D6E602B6802A3002CEDB0 /* WTImageLoader.swift */ = {isa = PBXFileReference; lastKnownFileType = sourcecode.swift; path = WTImageLoader.swift; sourceTree = "<group>"; };
		167FE4DE2B6670FF00C22D13 /* FirstSectionViewModel.swift */ = {isa = PBXFileReference; lastKnownFileType = sourcecode.swift; path = FirstSectionViewModel.swift; sourceTree = "<group>"; };
		167FE4E02B668ADE00C22D13 /* RecentlyPlayedSongs.swift */ = {isa = PBXFileReference; lastKnownFileType = sourcecode.swift; path = RecentlyPlayedSongs.swift; sourceTree = "<group>"; };
		168AC0712B29D66C003ACA9D /* Wetro.app */ = {isa = PBXFileReference; explicitFileType = wrapper.application; includeInIndex = 0; path = Wetro.app; sourceTree = BUILT_PRODUCTS_DIR; };
		168AC0742B29D66C003ACA9D /* AppDelegate.swift */ = {isa = PBXFileReference; lastKnownFileType = sourcecode.swift; path = AppDelegate.swift; sourceTree = "<group>"; };
		168AC0762B29D66C003ACA9D /* SceneDelegate.swift */ = {isa = PBXFileReference; lastKnownFileType = sourcecode.swift; path = SceneDelegate.swift; sourceTree = "<group>"; };
		168AC0782B29D66C003ACA9D /* WTOnBoardingVC.swift */ = {isa = PBXFileReference; lastKnownFileType = sourcecode.swift; path = WTOnBoardingVC.swift; sourceTree = "<group>"; };
		168AC07D2B29D66D003ACA9D /* Assets.xcassets */ = {isa = PBXFileReference; lastKnownFileType = folder.assetcatalog; path = Assets.xcassets; sourceTree = "<group>"; };
		168AC0802B29D66D003ACA9D /* Base */ = {isa = PBXFileReference; lastKnownFileType = file.storyboard; name = Base; path = Base.lproj/LaunchScreen.storyboard; sourceTree = "<group>"; };
		168AC0822B29D66D003ACA9D /* Info.plist */ = {isa = PBXFileReference; lastKnownFileType = text.plist.xml; path = Info.plist; sourceTree = "<group>"; };
		16B53E0D2B2B5E63001FA5A2 /* WTSignInController.swift */ = {isa = PBXFileReference; lastKnownFileType = sourcecode.swift; path = WTSignInController.swift; sourceTree = "<group>"; };
		16C339B12B2AEED500BC74E3 /* WTTabBarController.swift */ = {isa = PBXFileReference; lastKnownFileType = sourcecode.swift; path = WTTabBarController.swift; sourceTree = "<group>"; };
		16C339B32B2AEF1C00BC74E3 /* Coordinator.swift */ = {isa = PBXFileReference; lastKnownFileType = sourcecode.swift; path = Coordinator.swift; sourceTree = "<group>"; };
		16C339B52B2AEFAE00BC74E3 /* MainCoordinator.swift */ = {isa = PBXFileReference; lastKnownFileType = sourcecode.swift; path = MainCoordinator.swift; sourceTree = "<group>"; };
		16E68EA12B30A36700F8F6CD /* WTService.swift */ = {isa = PBXFileReference; lastKnownFileType = sourcecode.swift; path = WTService.swift; sourceTree = "<group>"; };
		16E68EA32B30A37400F8F6CD /* WTRequest.swift */ = {isa = PBXFileReference; lastKnownFileType = sourcecode.swift; path = WTRequest.swift; sourceTree = "<group>"; };
		16E68EA52B30A37F00F8F6CD /* WTEndpoint.swift */ = {isa = PBXFileReference; lastKnownFileType = sourcecode.swift; path = WTEndpoint.swift; sourceTree = "<group>"; };
		16E68EA92B31AFC600F8F6CD /* WTOnBoardingView.swift */ = {isa = PBXFileReference; lastKnownFileType = sourcecode.swift; path = WTOnBoardingView.swift; sourceTree = "<group>"; };
		16E68EAD2B31FA0E00F8F6CD /* WTToken.swift */ = {isa = PBXFileReference; lastKnownFileType = sourcecode.swift; path = WTToken.swift; sourceTree = "<group>"; };
		16E68EAF2B31FBF400F8F6CD /* WTPersistenceActionType.swift */ = {isa = PBXFileReference; lastKnownFileType = sourcecode.swift; path = WTPersistenceActionType.swift; sourceTree = "<group>"; };
		16E68EB12B31FCBD00F8F6CD /* WTConstants.swift */ = {isa = PBXFileReference; lastKnownFileType = sourcecode.swift; path = WTConstants.swift; sourceTree = "<group>"; };
		16F208D42B694F6F007FF8AF /* DelaGothicOne-Regular.ttf */ = {isa = PBXFileReference; lastKnownFileType = file; path = "DelaGothicOne-Regular.ttf"; sourceTree = "<group>"; };
		16F208DB2B695105007FF8AF /* UIFont.swift */ = {isa = PBXFileReference; lastKnownFileType = sourcecode.swift; path = UIFont.swift; sourceTree = "<group>"; };
		16F208E22B695A77007FF8AF /* Poppins-SemiBold.otf */ = {isa = PBXFileReference; lastKnownFileType = file; path = "Poppins-SemiBold.otf"; sourceTree = "<group>"; };
		16F208E42B695AA6007FF8AF /* Poppins-SemiBoldItalic.otf */ = {isa = PBXFileReference; lastKnownFileType = file; path = "Poppins-SemiBoldItalic.otf"; sourceTree = "<group>"; };
/* End PBXFileReference section */

/* Begin PBXFrameworksBuildPhase section */
		168AC06E2B29D66C003ACA9D /* Frameworks */ = {
			isa = PBXFrameworksBuildPhase;
			buildActionMask = 2147483647;
			files = (
				16C339AC2B2AE74B00BC74E3 /* SnapKit in Frameworks */,
				16C339AE2B2AE74B00BC74E3 /* SnapKit-Dynamic in Frameworks */,
			);
			runOnlyForDeploymentPostprocessing = 0;
		};
/* End PBXFrameworksBuildPhase section */

/* Begin PBXGroup section */
		160996EA2B4B0FE600769DC3 /* Auth */ = {
			isa = PBXGroup;
			children = (
				16E68EAF2B31FBF400F8F6CD /* WTPersistenceActionType.swift */,
				160996E82B4809C500769DC3 /* WTAuthManager.swift */,
			);
			path = Auth;
			sourceTree = "<group>";
		};
		160996ED2B4BDC7500769DC3 /* MainView */ = {
			isa = PBXGroup;
			children = (
				160996EE2B4BDC9000769DC3 /* WTMainView.swift */,
				160996F62B4C614100769DC3 /* Cells */,
			);
			path = MainView;
			sourceTree = "<group>";
		};
		160996F02B4BECB400769DC3 /* MainViewViewModels */ = {
			isa = PBXGroup;
			children = (
				160996F12B4BECC200769DC3 /* WTMainViewViewModel.swift */,
				167FE4DE2B6670FF00C22D13 /* FirstSectionViewModel.swift */,
			);
			path = MainViewViewModels;
			sourceTree = "<group>";
		};
		160996F32B4BECCA00769DC3 /* Auth */ = {
			isa = PBXGroup;
			children = (
				168AC0782B29D66C003ACA9D /* WTOnBoardingVC.swift */,
				16B53E0D2B2B5E63001FA5A2 /* WTSignInController.swift */,
			);
			path = Auth;
			sourceTree = "<group>";
		};
		160996F42B4BECD800769DC3 /* MainVC */ = {
			isa = PBXGroup;
			children = (
				160996EB2B4B101100769DC3 /* WTMainVC.swift */,
			);
			path = MainVC;
			sourceTree = "<group>";
		};
		160996F52B4BED1A00769DC3 /* Auth */ = {
			isa = PBXGroup;
			children = (
				16E68EA92B31AFC600F8F6CD /* WTOnBoardingView.swift */,
			);
			path = Auth;
			sourceTree = "<group>";
		};
		160996F62B4C614100769DC3 /* Cells */ = {
			isa = PBXGroup;
			children = (
				160996FD2B4DB2AE00769DC3 /* FirstSection */,
				160996FE2B4DB2B800769DC3 /* SecondSection */,
			);
			path = Cells;
			sourceTree = "<group>";
		};
		160996FD2B4DB2AE00769DC3 /* FirstSection */ = {
			isa = PBXGroup;
			children = (
				160996F92B4DB06B00769DC3 /* WTFirstSectionCollectionViewCell.swift */,
				160996FF2B4DC56A00769DC3 /* WTFirstSectionDataCollectionViewCell.swift */,
			);
			path = FirstSection;
			sourceTree = "<group>";
		};
		160996FE2B4DB2B800769DC3 /* SecondSection */ = {
			isa = PBXGroup;
			children = (
				160996F72B4C616300769DC3 /* WTSecondSectionCollectionViewCell.swift */,
				160996FB2B4DB10B00769DC3 /* WTSecondSectionDataCollectionViewCell.swift */,
			);
			path = SecondSection;
			sourceTree = "<group>";
		};
		161731992B62D5CE00A3608A /* BasicResponseElements */ = {
			isa = PBXGroup;
			children = (
				161731972B62D5B100A3608A /* Album.swift */,
			);
			path = BasicResponseElements;
			sourceTree = "<group>";
		};
		161EABF72B29DE9200522B14 /* Core */ = {
			isa = PBXGroup;
			children = (
				168AC0742B29D66C003ACA9D /* AppDelegate.swift */,
				168AC0762B29D66C003ACA9D /* SceneDelegate.swift */,
			);
			path = Core;
			sourceTree = "<group>";
		};
		161EABF82B29DEBF00522B14 /* Views */ = {
			isa = PBXGroup;
			children = (
				160996F52B4BED1A00769DC3 /* Auth */,
				160996ED2B4BDC7500769DC3 /* MainView */,
			);
			path = Views;
			sourceTree = "<group>";
		};
		161EABF92B29DEC500522B14 /* Models */ = {
			isa = PBXGroup;
			children = (
				161731992B62D5CE00A3608A /* BasicResponseElements */,
				16E68EAD2B31FA0E00F8F6CD /* WTToken.swift */,
				161731932B623BEE00A3608A /* RecentlySongsModel.swift */,
				167FE4E02B668ADE00C22D13 /* RecentlyPlayedSongs.swift */,
			);
			path = Models;
			sourceTree = "<group>";
		};
		161EABFA2B29DED100522B14 /* ViewControllers */ = {
			isa = PBXGroup;
			children = (
				160996F32B4BECCA00769DC3 /* Auth */,
				16C339B02B2AEE8E00BC74E3 /* TabBarController */,
				160996F42B4BECD800769DC3 /* MainVC */,
			);
			path = ViewControllers;
			sourceTree = "<group>";
		};
		161EABFB2B29DEE000522B14 /* ViewModels */ = {
			isa = PBXGroup;
			children = (
				160996F02B4BECB400769DC3 /* MainViewViewModels */,
			);
			path = ViewModels;
			sourceTree = "<group>";
		};
		161EABFC2B29DEFA00522B14 /* Resources */ = {
			isa = PBXGroup;
			children = (
				168AC0822B29D66D003ACA9D /* Info.plist */,
				168AC07D2B29D66D003ACA9D /* Assets.xcassets */,
				168AC07F2B29D66D003ACA9D /* LaunchScreen.storyboard */,
			);
			path = Resources;
			sourceTree = "<group>";
		};
		166D6E5F2B68028F002CEDB0 /* SupportingFiles */ = {
			isa = PBXGroup;
			children = (
				166D6E602B6802A3002CEDB0 /* WTImageLoader.swift */,
			);
			path = SupportingFiles;
			sourceTree = "<group>";
		};
		168645FC2B2A083C009C028A /* Utils */ = {
			isa = PBXGroup;
			children = (
				16F208DD2B695134007FF8AF /* Fonts */,
				16E68EB12B31FCBD00F8F6CD /* WTConstants.swift */,
			);
			path = Utils;
			sourceTree = "<group>";
		};
		168645FD2B2A084E009C028A /* Services */ = {
			isa = PBXGroup;
			children = (
				16E68EA02B30A32700F8F6CD /* ApiServiece */,
				160996EA2B4B0FE600769DC3 /* Auth */,
			);
			path = Services;
			sourceTree = "<group>";
		};
		168AC0682B29D66C003ACA9D = {
			isa = PBXGroup;
			children = (
				168AC0732B29D66C003ACA9D /* Wetro */,
				168AC0722B29D66C003ACA9D /* Products */,
			);
			sourceTree = "<group>";
		};
		168AC0722B29D66C003ACA9D /* Products */ = {
			isa = PBXGroup;
			children = (
				168AC0712B29D66C003ACA9D /* Wetro.app */,
			);
			name = Products;
			sourceTree = "<group>";
		};
		168AC0732B29D66C003ACA9D /* Wetro */ = {
			isa = PBXGroup;
			children = (
				161EABF72B29DE9200522B14 /* Core */,
				168645FD2B2A084E009C028A /* Services */,
				16C339A92B2AE64500BC74E3 /* Cordinators */,
				161EABF92B29DEC500522B14 /* Models */,
				161EABF82B29DEBF00522B14 /* Views */,
				161EABFB2B29DEE000522B14 /* ViewModels */,
				161EABFA2B29DED100522B14 /* ViewControllers */,
				166D6E5F2B68028F002CEDB0 /* SupportingFiles */,
				16F208DA2B6950EC007FF8AF /* Extension */,
				168645FC2B2A083C009C028A /* Utils */,
				161EABFC2B29DEFA00522B14 /* Resources */,
			);
			path = Wetro;
			sourceTree = "<group>";
		};
		16C339A92B2AE64500BC74E3 /* Cordinators */ = {
			isa = PBXGroup;
			children = (
				16C339B32B2AEF1C00BC74E3 /* Coordinator.swift */,
				16C339B52B2AEFAE00BC74E3 /* MainCoordinator.swift */,
			);
			path = Cordinators;
			sourceTree = "<group>";
		};
		16C339B02B2AEE8E00BC74E3 /* TabBarController */ = {
			isa = PBXGroup;
			children = (
				16C339B12B2AEED500BC74E3 /* WTTabBarController.swift */,
			);
			path = TabBarController;
			sourceTree = "<group>";
		};
		16E68EA02B30A32700F8F6CD /* ApiServiece */ = {
			isa = PBXGroup;
			children = (
				16E68EA12B30A36700F8F6CD /* WTService.swift */,
				16E68EA32B30A37400F8F6CD /* WTRequest.swift */,
				16E68EA52B30A37F00F8F6CD /* WTEndpoint.swift */,
			);
			path = ApiServiece;
			sourceTree = "<group>";
		};
		16F208DA2B6950EC007FF8AF /* Extension */ = {
			isa = PBXGroup;
			children = (
				16F208DB2B695105007FF8AF /* UIFont.swift */,
			);
			path = Extension;
			sourceTree = "<group>";
		};
		16F208DD2B695134007FF8AF /* Fonts */ = {
			isa = PBXGroup;
			children = (
				16F208E22B695A77007FF8AF /* Poppins-SemiBold.otf */,
				16F208D42B694F6F007FF8AF /* DelaGothicOne-Regular.ttf */,
				16F208E42B695AA6007FF8AF /* Poppins-SemiBoldItalic.otf */,
			);
			path = Fonts;
			sourceTree = "<group>";
		};
/* End PBXGroup section */

/* Begin PBXNativeTarget section */
		168AC0702B29D66C003ACA9D /* Wetro */ = {
			isa = PBXNativeTarget;
			buildConfigurationList = 168AC0852B29D66D003ACA9D /* Build configuration list for PBXNativeTarget "Wetro" */;
			buildPhases = (
				168AC06D2B29D66C003ACA9D /* Sources */,
				168AC06E2B29D66C003ACA9D /* Frameworks */,
				168AC06F2B29D66C003ACA9D /* Resources */,
			);
			buildRules = (
			);
			dependencies = (
			);
			name = Wetro;
			packageProductDependencies = (
				16C339AB2B2AE74B00BC74E3 /* SnapKit */,
				16C339AD2B2AE74B00BC74E3 /* SnapKit-Dynamic */,
			);
			productName = Wetro;
			productReference = 168AC0712B29D66C003ACA9D /* Wetro.app */;
			productType = "com.apple.product-type.application";
		};
/* End PBXNativeTarget section */

/* Begin PBXProject section */
		168AC0692B29D66C003ACA9D /* Project object */ = {
			isa = PBXProject;
			attributes = {
				BuildIndependentTargetsInParallel = 1;
				LastSwiftUpdateCheck = 1500;
				LastUpgradeCheck = 1500;
				TargetAttributes = {
					168AC0702B29D66C003ACA9D = {
						CreatedOnToolsVersion = 15.0;
					};
				};
			};
			buildConfigurationList = 168AC06C2B29D66C003ACA9D /* Build configuration list for PBXProject "Wetro" */;
			compatibilityVersion = "Xcode 14.0";
			developmentRegion = en;
			hasScannedForEncodings = 0;
			knownRegions = (
				en,
				Base,
			);
			mainGroup = 168AC0682B29D66C003ACA9D;
			packageReferences = (
				16C339AA2B2AE74B00BC74E3 /* XCRemoteSwiftPackageReference "SnapKit" */,
			);
			productRefGroup = 168AC0722B29D66C003ACA9D /* Products */;
			projectDirPath = "";
			projectRoot = "";
			targets = (
				168AC0702B29D66C003ACA9D /* Wetro */,
			);
		};
/* End PBXProject section */

/* Begin PBXResourcesBuildPhase section */
		168AC06F2B29D66C003ACA9D /* Resources */ = {
			isa = PBXResourcesBuildPhase;
			buildActionMask = 2147483647;
			files = (
				16F208E52B695AA6007FF8AF /* Poppins-SemiBoldItalic.otf in Resources */,
				16F208D52B694F6F007FF8AF /* DelaGothicOne-Regular.ttf in Resources */,
				168AC0812B29D66D003ACA9D /* LaunchScreen.storyboard in Resources */,
				16F208E32B695A77007FF8AF /* Poppins-SemiBold.otf in Resources */,
			);
			runOnlyForDeploymentPostprocessing = 0;
		};
/* End PBXResourcesBuildPhase section */

/* Begin PBXSourcesBuildPhase section */
		168AC06D2B29D66C003ACA9D /* Sources */ = {
			isa = PBXSourcesBuildPhase;
			buildActionMask = 2147483647;
			files = (
				168AC0792B29D66C003ACA9D /* WTOnBoardingVC.swift in Sources */,
				16B53E0E2B2B5E63001FA5A2 /* WTSignInController.swift in Sources */,
				160996F22B4BECC200769DC3 /* WTMainViewViewModel.swift in Sources */,
				160996F82B4C616300769DC3 /* WTSecondSectionCollectionViewCell.swift in Sources */,
				16E68EAA2B31AFC600F8F6CD /* WTOnBoardingView.swift in Sources */,
				160997002B4DC56A00769DC3 /* WTFirstSectionDataCollectionViewCell.swift in Sources */,
				16C339B62B2AEFAE00BC74E3 /* MainCoordinator.swift in Sources */,
				168AC0752B29D66C003ACA9D /* AppDelegate.swift in Sources */,
				161731982B62D5B100A3608A /* Album.swift in Sources */,
				160996FA2B4DB06B00769DC3 /* WTFirstSectionCollectionViewCell.swift in Sources */,
				166D6E612B6802A3002CEDB0 /* WTImageLoader.swift in Sources */,
				16C339B42B2AEF1C00BC74E3 /* Coordinator.swift in Sources */,
				16C339B22B2AEED500BC74E3 /* WTTabBarController.swift in Sources */,
				160996E92B4809C500769DC3 /* WTAuthManager.swift in Sources */,
				167FE4DF2B6670FF00C22D13 /* FirstSectionViewModel.swift in Sources */,
				16E68EB22B31FCBD00F8F6CD /* WTConstants.swift in Sources */,
				167FE4E12B668ADE00C22D13 /* RecentlyPlayedSongs.swift in Sources */,
				16E68EA22B30A36700F8F6CD /* WTService.swift in Sources */,
				168AC0772B29D66C003ACA9D /* SceneDelegate.swift in Sources */,
				160996EF2B4BDC9000769DC3 /* WTMainView.swift in Sources */,
				161731942B623BEE00A3608A /* RecentlySongsModel.swift in Sources */,
				16E68EB02B31FBF400F8F6CD /* WTPersistenceActionType.swift in Sources */,
				16E68EAE2B31FA0E00F8F6CD /* WTToken.swift in Sources */,
				16E68EA42B30A37400F8F6CD /* WTRequest.swift in Sources */,
				16F208DC2B695105007FF8AF /* UIFont.swift in Sources */,
				160996EC2B4B101100769DC3 /* WTMainVC.swift in Sources */,
				160996FC2B4DB10B00769DC3 /* WTSecondSectionDataCollectionViewCell.swift in Sources */,
				16E68EA62B30A37F00F8F6CD /* WTEndpoint.swift in Sources */,
			);
			runOnlyForDeploymentPostprocessing = 0;
		};
/* End PBXSourcesBuildPhase section */

/* Begin PBXVariantGroup section */
		168AC07F2B29D66D003ACA9D /* LaunchScreen.storyboard */ = {
			isa = PBXVariantGroup;
			children = (
				168AC0802B29D66D003ACA9D /* Base */,
			);
			name = LaunchScreen.storyboard;
			sourceTree = "<group>";
		};
/* End PBXVariantGroup section */

/* Begin XCBuildConfiguration section */
		168AC0832B29D66D003ACA9D /* Debug */ = {
			isa = XCBuildConfiguration;
			buildSettings = {
				ALWAYS_SEARCH_USER_PATHS = NO;
				ASSETCATALOG_COMPILER_GENERATE_SWIFT_ASSET_SYMBOL_EXTENSIONS = YES;
				CLANG_ANALYZER_NONNULL = YES;
				CLANG_ANALYZER_NUMBER_OBJECT_CONVERSION = YES_AGGRESSIVE;
				CLANG_CXX_LANGUAGE_STANDARD = "gnu++20";
				CLANG_ENABLE_MODULES = YES;
				CLANG_ENABLE_OBJC_ARC = YES;
				CLANG_ENABLE_OBJC_WEAK = YES;
				CLANG_WARN_BLOCK_CAPTURE_AUTORELEASING = YES;
				CLANG_WARN_BOOL_CONVERSION = YES;
				CLANG_WARN_COMMA = YES;
				CLANG_WARN_CONSTANT_CONVERSION = YES;
				CLANG_WARN_DEPRECATED_OBJC_IMPLEMENTATIONS = YES;
				CLANG_WARN_DIRECT_OBJC_ISA_USAGE = YES_ERROR;
				CLANG_WARN_DOCUMENTATION_COMMENTS = YES;
				CLANG_WARN_EMPTY_BODY = YES;
				CLANG_WARN_ENUM_CONVERSION = YES;
				CLANG_WARN_INFINITE_RECURSION = YES;
				CLANG_WARN_INT_CONVERSION = YES;
				CLANG_WARN_NON_LITERAL_NULL_CONVERSION = YES;
				CLANG_WARN_OBJC_IMPLICIT_RETAIN_SELF = YES;
				CLANG_WARN_OBJC_LITERAL_CONVERSION = YES;
				CLANG_WARN_OBJC_ROOT_CLASS = YES_ERROR;
				CLANG_WARN_QUOTED_INCLUDE_IN_FRAMEWORK_HEADER = YES;
				CLANG_WARN_RANGE_LOOP_ANALYSIS = YES;
				CLANG_WARN_STRICT_PROTOTYPES = YES;
				CLANG_WARN_SUSPICIOUS_MOVE = YES;
				CLANG_WARN_UNGUARDED_AVAILABILITY = YES_AGGRESSIVE;
				CLANG_WARN_UNREACHABLE_CODE = YES;
				CLANG_WARN__DUPLICATE_METHOD_MATCH = YES;
				COPY_PHASE_STRIP = NO;
				DEBUG_INFORMATION_FORMAT = dwarf;
				ENABLE_STRICT_OBJC_MSGSEND = YES;
				ENABLE_TESTABILITY = YES;
				ENABLE_USER_SCRIPT_SANDBOXING = YES;
				GCC_C_LANGUAGE_STANDARD = gnu17;
				GCC_DYNAMIC_NO_PIC = NO;
				GCC_NO_COMMON_BLOCKS = YES;
				GCC_OPTIMIZATION_LEVEL = 0;
				GCC_PREPROCESSOR_DEFINITIONS = (
					"DEBUG=1",
					"$(inherited)",
				);
				GCC_WARN_64_TO_32_BIT_CONVERSION = YES;
				GCC_WARN_ABOUT_RETURN_TYPE = YES_ERROR;
				GCC_WARN_UNDECLARED_SELECTOR = YES;
				GCC_WARN_UNINITIALIZED_AUTOS = YES_AGGRESSIVE;
				GCC_WARN_UNUSED_FUNCTION = YES;
				GCC_WARN_UNUSED_VARIABLE = YES;
				IPHONEOS_DEPLOYMENT_TARGET = 17.0;
				LOCALIZATION_PREFERS_STRING_CATALOGS = YES;
				MTL_ENABLE_DEBUG_INFO = INCLUDE_SOURCE;
				MTL_FAST_MATH = YES;
				ONLY_ACTIVE_ARCH = YES;
				SDKROOT = iphoneos;
				SWIFT_ACTIVE_COMPILATION_CONDITIONS = "DEBUG $(inherited)";
				SWIFT_OPTIMIZATION_LEVEL = "-Onone";
			};
			name = Debug;
		};
		168AC0842B29D66D003ACA9D /* Release */ = {
			isa = XCBuildConfiguration;
			buildSettings = {
				ALWAYS_SEARCH_USER_PATHS = NO;
				ASSETCATALOG_COMPILER_GENERATE_SWIFT_ASSET_SYMBOL_EXTENSIONS = YES;
				CLANG_ANALYZER_NONNULL = YES;
				CLANG_ANALYZER_NUMBER_OBJECT_CONVERSION = YES_AGGRESSIVE;
				CLANG_CXX_LANGUAGE_STANDARD = "gnu++20";
				CLANG_ENABLE_MODULES = YES;
				CLANG_ENABLE_OBJC_ARC = YES;
				CLANG_ENABLE_OBJC_WEAK = YES;
				CLANG_WARN_BLOCK_CAPTURE_AUTORELEASING = YES;
				CLANG_WARN_BOOL_CONVERSION = YES;
				CLANG_WARN_COMMA = YES;
				CLANG_WARN_CONSTANT_CONVERSION = YES;
				CLANG_WARN_DEPRECATED_OBJC_IMPLEMENTATIONS = YES;
				CLANG_WARN_DIRECT_OBJC_ISA_USAGE = YES_ERROR;
				CLANG_WARN_DOCUMENTATION_COMMENTS = YES;
				CLANG_WARN_EMPTY_BODY = YES;
				CLANG_WARN_ENUM_CONVERSION = YES;
				CLANG_WARN_INFINITE_RECURSION = YES;
				CLANG_WARN_INT_CONVERSION = YES;
				CLANG_WARN_NON_LITERAL_NULL_CONVERSION = YES;
				CLANG_WARN_OBJC_IMPLICIT_RETAIN_SELF = YES;
				CLANG_WARN_OBJC_LITERAL_CONVERSION = YES;
				CLANG_WARN_OBJC_ROOT_CLASS = YES_ERROR;
				CLANG_WARN_QUOTED_INCLUDE_IN_FRAMEWORK_HEADER = YES;
				CLANG_WARN_RANGE_LOOP_ANALYSIS = YES;
				CLANG_WARN_STRICT_PROTOTYPES = YES;
				CLANG_WARN_SUSPICIOUS_MOVE = YES;
				CLANG_WARN_UNGUARDED_AVAILABILITY = YES_AGGRESSIVE;
				CLANG_WARN_UNREACHABLE_CODE = YES;
				CLANG_WARN__DUPLICATE_METHOD_MATCH = YES;
				COPY_PHASE_STRIP = NO;
				DEBUG_INFORMATION_FORMAT = "dwarf-with-dsym";
				ENABLE_NS_ASSERTIONS = NO;
				ENABLE_STRICT_OBJC_MSGSEND = YES;
				ENABLE_USER_SCRIPT_SANDBOXING = YES;
				GCC_C_LANGUAGE_STANDARD = gnu17;
				GCC_NO_COMMON_BLOCKS = YES;
				GCC_WARN_64_TO_32_BIT_CONVERSION = YES;
				GCC_WARN_ABOUT_RETURN_TYPE = YES_ERROR;
				GCC_WARN_UNDECLARED_SELECTOR = YES;
				GCC_WARN_UNINITIALIZED_AUTOS = YES_AGGRESSIVE;
				GCC_WARN_UNUSED_FUNCTION = YES;
				GCC_WARN_UNUSED_VARIABLE = YES;
				IPHONEOS_DEPLOYMENT_TARGET = 17.0;
				LOCALIZATION_PREFERS_STRING_CATALOGS = YES;
				MTL_ENABLE_DEBUG_INFO = NO;
				MTL_FAST_MATH = YES;
				SDKROOT = iphoneos;
				SWIFT_COMPILATION_MODE = wholemodule;
				VALIDATE_PRODUCT = YES;
			};
			name = Release;
		};
		168AC0862B29D66D003ACA9D /* Debug */ = {
			isa = XCBuildConfiguration;
			buildSettings = {
				ASSETCATALOG_COMPILER_APPICON_NAME = AppIcon;
				ASSETCATALOG_COMPILER_GLOBAL_ACCENT_COLOR_NAME = AccentColor;
				CODE_SIGN_STYLE = Automatic;
				CURRENT_PROJECT_VERSION = 1;
				DEVELOPMENT_TEAM = W9HWC54SK4;
				GENERATE_INFOPLIST_FILE = YES;
				INFOPLIST_FILE = Wetro/Resources/Info.plist;
				INFOPLIST_KEY_UIApplicationSupportsIndirectInputEvents = YES;
				INFOPLIST_KEY_UILaunchStoryboardName = LaunchScreen;
				INFOPLIST_KEY_UISupportedInterfaceOrientations_iPad = "UIInterfaceOrientationPortrait UIInterfaceOrientationPortraitUpsideDown UIInterfaceOrientationLandscapeLeft UIInterfaceOrientationLandscapeRight";
				INFOPLIST_KEY_UISupportedInterfaceOrientations_iPhone = "UIInterfaceOrientationPortrait UIInterfaceOrientationLandscapeLeft UIInterfaceOrientationLandscapeRight";
				LD_RUNPATH_SEARCH_PATHS = (
					"$(inherited)",
					"@executable_path/Frameworks",
				);
				MARKETING_VERSION = 1.0;
				PRODUCT_BUNDLE_IDENTIFIER = com.IslamCrew.Wetro;
				PRODUCT_NAME = "$(TARGET_NAME)";
				SWIFT_EMIT_LOC_STRINGS = YES;
				SWIFT_VERSION = 5.0;
				TARGETED_DEVICE_FAMILY = "1,2";
			};
			name = Debug;
		};
		168AC0872B29D66D003ACA9D /* Release */ = {
			isa = XCBuildConfiguration;
			buildSettings = {
				ASSETCATALOG_COMPILER_APPICON_NAME = AppIcon;
				ASSETCATALOG_COMPILER_GLOBAL_ACCENT_COLOR_NAME = AccentColor;
				CODE_SIGN_STYLE = Automatic;
				CURRENT_PROJECT_VERSION = 1;
				DEVELOPMENT_TEAM = W9HWC54SK4;
				GENERATE_INFOPLIST_FILE = YES;
				INFOPLIST_FILE = Wetro/Resources/Info.plist;
				INFOPLIST_KEY_UIApplicationSupportsIndirectInputEvents = YES;
				INFOPLIST_KEY_UILaunchStoryboardName = LaunchScreen;
				INFOPLIST_KEY_UISupportedInterfaceOrientations_iPad = "UIInterfaceOrientationPortrait UIInterfaceOrientationPortraitUpsideDown UIInterfaceOrientationLandscapeLeft UIInterfaceOrientationLandscapeRight";
				INFOPLIST_KEY_UISupportedInterfaceOrientations_iPhone = "UIInterfaceOrientationPortrait UIInterfaceOrientationLandscapeLeft UIInterfaceOrientationLandscapeRight";
				LD_RUNPATH_SEARCH_PATHS = (
					"$(inherited)",
					"@executable_path/Frameworks",
				);
				MARKETING_VERSION = 1.0;
				PRODUCT_BUNDLE_IDENTIFIER = com.IslamCrew.Wetro;
				PRODUCT_NAME = "$(TARGET_NAME)";
				SWIFT_EMIT_LOC_STRINGS = YES;
				SWIFT_VERSION = 5.0;
				TARGETED_DEVICE_FAMILY = "1,2";
			};
			name = Release;
		};
/* End XCBuildConfiguration section */

/* Begin XCConfigurationList section */
		168AC06C2B29D66C003ACA9D /* Build configuration list for PBXProject "Wetro" */ = {
			isa = XCConfigurationList;
			buildConfigurations = (
				168AC0832B29D66D003ACA9D /* Debug */,
				168AC0842B29D66D003ACA9D /* Release */,
			);
			defaultConfigurationIsVisible = 0;
			defaultConfigurationName = Release;
		};
		168AC0852B29D66D003ACA9D /* Build configuration list for PBXNativeTarget "Wetro" */ = {
			isa = XCConfigurationList;
			buildConfigurations = (
				168AC0862B29D66D003ACA9D /* Debug */,
				168AC0872B29D66D003ACA9D /* Release */,
			);
			defaultConfigurationIsVisible = 0;
			defaultConfigurationName = Release;
		};
/* End XCConfigurationList section */

/* Begin XCRemoteSwiftPackageReference section */
		16C339AA2B2AE74B00BC74E3 /* XCRemoteSwiftPackageReference "SnapKit" */ = {
			isa = XCRemoteSwiftPackageReference;
			repositoryURL = "https://github.com/SnapKit/SnapKit.git";
			requirement = {
				kind = upToNextMajorVersion;
				minimumVersion = 5.6.0;
			};
		};
/* End XCRemoteSwiftPackageReference section */

/* Begin XCSwiftPackageProductDependency section */
		16C339AB2B2AE74B00BC74E3 /* SnapKit */ = {
			isa = XCSwiftPackageProductDependency;
			package = 16C339AA2B2AE74B00BC74E3 /* XCRemoteSwiftPackageReference "SnapKit" */;
			productName = SnapKit;
		};
		16C339AD2B2AE74B00BC74E3 /* SnapKit-Dynamic */ = {
			isa = XCSwiftPackageProductDependency;
			package = 16C339AA2B2AE74B00BC74E3 /* XCRemoteSwiftPackageReference "SnapKit" */;
			productName = "SnapKit-Dynamic";
		};
/* End XCSwiftPackageProductDependency section */
	};
	rootObject = 168AC0692B29D66C003ACA9D /* Project object */;
}
